
Microsoft Visual Studio Solution File, Format Version 12.00
# Visual Studio Version 16
VisualStudioVersion = 16.0.31205.134
MinimumVisualStudioVersion = 10.0.40219.1
Project("{FAE04EC0-301F-11D3-BF4B-00C04F79EFBC}") = "SchedulLog", "SchedulLog\SchedulLog.csproj", "{761B3EB8-7695-4613-84F5-29F90FFDE964}"
EndProject
Global
	GlobalSection(SolutionConfigurationPlatforms) = preSolution
		Debug|Any CPU = Debug|Any CPU
		Release|Any CPU = Release|Any CPU
	EndGlobalSection
	GlobalSection(ProjectConfigurationPlatforms) = postSolution
		{761B3EB8-7695-4613-84F5-29F90FFDE964}.Debug|Any CPU.ActiveCfg = Debug|Any CPU
		{761B3EB8-7695-4613-84F5-29F90FFDE964}.Debug|Any CPU.Build.0 = Debug|Any CPU
		{761B3EB8-7695-4613-84F5-29F90FFDE964}.Release|Any CPU.ActiveCfg = Release|Any CPU
		{761B3EB8-7695-4613-84F5-29F90FFDE964}.Release|Any CPU.Build.0 = Release|Any CPU
	EndGlobalSection
	GlobalSection(SolutionProperties) = preSolution
		HideSolutionNode = FALSE
	EndGlobalSection
	GlobalSection(ExtensibilityGlobals) = postSolution
		SolutionGuid = {E7B146BD-DF76-4C44-9B81-A767DAE33BEF}
	EndGlobalSection
EndGlobal
